// !$*UTF8*$!
{
	archiveVersion = 1;
	classes = {
	};
	objectVersion = 51;
	objects = {

/* Begin PBXBuildFile section */
		7F1358B123E1911A001CB74A /* locations.swift in Sources */ = {isa = PBXBuildFile; fileRef = 7F1358B023E1911A001CB74A /* locations.swift */; };
		7F30EB4F23CDD1350044D9A6 /* AppCells.swift in Sources */ = {isa = PBXBuildFile; fileRef = 7F30EB4E23CDD1350044D9A6 /* AppCells.swift */; };
		7F61866723CC781300F369E9 /* Settings.bundle in Resources */ = {isa = PBXBuildFile; fileRef = 7F61866623CC781300F369E9 /* Settings.bundle */; };
		7FA2BA9723DF1150007936BE /* MapController.swift in Sources */ = {isa = PBXBuildFile; fileRef = 7FA2BA9623DF1150007936BE /* MapController.swift */; };
		7FA84C5223C5D152008046D7 /* AppDelegate.swift in Sources */ = {isa = PBXBuildFile; fileRef = 7FA84C5123C5D152008046D7 /* AppDelegate.swift */; };
		7FA84C5423C5D152008046D7 /* LoginController.swift in Sources */ = {isa = PBXBuildFile; fileRef = 7FA84C5323C5D152008046D7 /* LoginController.swift */; };
		7FA84C5723C5D152008046D7 /* Main.storyboard in Resources */ = {isa = PBXBuildFile; fileRef = 7FA84C5523C5D152008046D7 /* Main.storyboard */; };
		7FA84C5923C5D154008046D7 /* Assets.xcassets in Resources */ = {isa = PBXBuildFile; fileRef = 7FA84C5823C5D154008046D7 /* Assets.xcassets */; };
		7FA84C5C23C5D154008046D7 /* LaunchScreen.storyboard in Resources */ = {isa = PBXBuildFile; fileRef = 7FA84C5A23C5D154008046D7 /* LaunchScreen.storyboard */; };
		7FBCFBEB23E026CA00104EFF /* ProfileController.swift in Sources */ = {isa = PBXBuildFile; fileRef = 7FBCFBEA23E026CA00104EFF /* ProfileController.swift */; };
		7FCE58DE23E30686001F7998 /* TimeDetailApp.swift in Sources */ = {isa = PBXBuildFile; fileRef = 7FCE58DD23E30686001F7998 /* TimeDetailApp.swift */; };
		7FE31DD323C7464500EF5530 /* MainController.swift in Sources */ = {isa = PBXBuildFile; fileRef = 7FE31DD223C7464500EF5530 /* MainController.swift */; };
		B97491AB23DDBFB7009F6D3D /* serverRetriever.swift in Sources */ = {isa = PBXBuildFile; fileRef = B97491AA23DDBFB6009F6D3D /* serverRetriever.swift */; };
		B97491AF23DDC03D009F6D3D /* HTTPMessenger.swift in Sources */ = {isa = PBXBuildFile; fileRef = B97491AE23DDC03D009F6D3D /* HTTPMessenger.swift */; };
		B9C3766023D8CD90000C5236 /* RestrictionsController.swift in Sources */ = {isa = PBXBuildFile; fileRef = B9C3765F23D8CD90000C5236 /* RestrictionsController.swift */; };
		B9C3766823D8EF83000C5236 /* restrictCells.swift in Sources */ = {isa = PBXBuildFile; fileRef = B9C3766723D8EF83000C5236 /* restrictCells.swift */; };
		D512BDB5F148C01452E21521 /* Pods_Bienestapp.framework in Frameworks */ = {isa = PBXBuildFile; fileRef = 94BE0FB3536499F46AA629B3 /* Pods_Bienestapp.framework */; };
/* End PBXBuildFile section */

/* Begin PBXFileReference section */
		22F961D7E203CBB2E215246F /* Pods-Bienestapp.debug.xcconfig */ = {isa = PBXFileReference; includeInIndex = 1; lastKnownFileType = text.xcconfig; name = "Pods-Bienestapp.debug.xcconfig"; path = "Target Support Files/Pods-Bienestapp/Pods-Bienestapp.debug.xcconfig"; sourceTree = "<group>"; };
		34F8253464547E97A696A343 /* Pods-Bienestapp.release.xcconfig */ = {isa = PBXFileReference; includeInIndex = 1; lastKnownFileType = text.xcconfig; name = "Pods-Bienestapp.release.xcconfig"; path = "Target Support Files/Pods-Bienestapp/Pods-Bienestapp.release.xcconfig"; sourceTree = "<group>"; };
		7F1358B023E1911A001CB74A /* locations.swift */ = {isa = PBXFileReference; lastKnownFileType = sourcecode.swift; path = locations.swift; sourceTree = "<group>"; };
		7F30EB4E23CDD1350044D9A6 /* AppCells.swift */ = {isa = PBXFileReference; lastKnownFileType = sourcecode.swift; path = AppCells.swift; sourceTree = "<group>"; };
		7F61866623CC781300F369E9 /* Settings.bundle */ = {isa = PBXFileReference; lastKnownFileType = "wrapper.plug-in"; path = Settings.bundle; sourceTree = "<group>"; };
		7FA2BA9623DF1150007936BE /* MapController.swift */ = {isa = PBXFileReference; lastKnownFileType = sourcecode.swift; path = MapController.swift; sourceTree = "<group>"; };
		7FA84C4E23C5D152008046D7 /* Bienestapp.app */ = {isa = PBXFileReference; explicitFileType = wrapper.application; includeInIndex = 0; path = Bienestapp.app; sourceTree = BUILT_PRODUCTS_DIR; };
		7FA84C5123C5D152008046D7 /* AppDelegate.swift */ = {isa = PBXFileReference; lastKnownFileType = sourcecode.swift; path = AppDelegate.swift; sourceTree = "<group>"; };
		7FA84C5323C5D152008046D7 /* LoginController.swift */ = {isa = PBXFileReference; lastKnownFileType = sourcecode.swift; path = LoginController.swift; sourceTree = "<group>"; };
		7FA84C5623C5D152008046D7 /* Base */ = {isa = PBXFileReference; lastKnownFileType = file.storyboard; name = Base; path = Base.lproj/Main.storyboard; sourceTree = "<group>"; };
		7FA84C5823C5D154008046D7 /* Assets.xcassets */ = {isa = PBXFileReference; lastKnownFileType = folder.assetcatalog; path = Assets.xcassets; sourceTree = "<group>"; };
		7FA84C5B23C5D154008046D7 /* Base */ = {isa = PBXFileReference; lastKnownFileType = file.storyboard; name = Base; path = Base.lproj/LaunchScreen.storyboard; sourceTree = "<group>"; };
		7FBCFBEA23E026CA00104EFF /* ProfileController.swift */ = {isa = PBXFileReference; lastKnownFileType = sourcecode.swift; path = ProfileController.swift; sourceTree = "<group>"; };
		7FCE58DD23E30686001F7998 /* TimeDetailApp.swift */ = {isa = PBXFileReference; lastKnownFileType = sourcecode.swift; path = TimeDetailApp.swift; sourceTree = "<group>"; };
		7FE31DD223C7464500EF5530 /* MainController.swift */ = {isa = PBXFileReference; lastKnownFileType = sourcecode.swift; path = MainController.swift; sourceTree = "<group>"; };
		94BE0FB3536499F46AA629B3 /* Pods_Bienestapp.framework */ = {isa = PBXFileReference; explicitFileType = wrapper.framework; includeInIndex = 0; path = Pods_Bienestapp.framework; sourceTree = BUILT_PRODUCTS_DIR; };
		B97491AA23DDBFB6009F6D3D /* serverRetriever.swift */ = {isa = PBXFileReference; fileEncoding = 4; lastKnownFileType = sourcecode.swift; path = serverRetriever.swift; sourceTree = "<group>"; };
		B97491AE23DDC03D009F6D3D /* HTTPMessenger.swift */ = {isa = PBXFileReference; fileEncoding = 4; lastKnownFileType = sourcecode.swift; path = HTTPMessenger.swift; sourceTree = "<group>"; };
		B9C3765F23D8CD90000C5236 /* RestrictionsController.swift */ = {isa = PBXFileReference; lastKnownFileType = sourcecode.swift; path = RestrictionsController.swift; sourceTree = "<group>"; };
		B9C3766423D8EC3E000C5236 /* Info.plist */ = {isa = PBXFileReference; lastKnownFileType = text.plist.xml; path = Info.plist; sourceTree = "<group>"; };
		B9C3766723D8EF83000C5236 /* restrictCells.swift */ = {isa = PBXFileReference; lastKnownFileType = sourcecode.swift; path = restrictCells.swift; sourceTree = "<group>"; };
/* End PBXFileReference section */

/* Begin PBXFrameworksBuildPhase section */
		7FA84C4B23C5D152008046D7 /* Frameworks */ = {
			isa = PBXFrameworksBuildPhase;
			buildActionMask = 2147483647;
			files = (
				D512BDB5F148C01452E21521 /* Pods_Bienestapp.framework in Frameworks */,
			);
			runOnlyForDeploymentPostprocessing = 0;
		};
/* End PBXFrameworksBuildPhase section */

/* Begin PBXGroup section */
		1C13F82EDBA7C60CF6A53AED /* Pods */ = {
			isa = PBXGroup;
			children = (
				22F961D7E203CBB2E215246F /* Pods-Bienestapp.debug.xcconfig */,
				34F8253464547E97A696A343 /* Pods-Bienestapp.release.xcconfig */,
			);
			path = Pods;
			sourceTree = "<group>";
		};
		7FA2BA9423DF0FC7007936BE /* Map */ = {
			isa = PBXGroup;
			children = (
				7FA2BA9623DF1150007936BE /* MapController.swift */,
				7F1358B023E1911A001CB74A /* locations.swift */,
			);
			path = Map;
			sourceTree = "<group>";
		};
		7FA2BA9523DF0FD4007936BE /* Profile */ = {
			isa = PBXGroup;
			children = (
				7FBCFBEA23E026CA00104EFF /* ProfileController.swift */,
			);
			path = Profile;
			sourceTree = "<group>";
		};
		7FA84C4523C5D152008046D7 = {
			isa = PBXGroup;
			children = (
				7FA84C5023C5D152008046D7 /* Bienestapp */,
				7FA84C4F23C5D152008046D7 /* Products */,
				1C13F82EDBA7C60CF6A53AED /* Pods */,
				E2C853EEEB56B0A4F2B171E6 /* Frameworks */,
			);
			sourceTree = "<group>";
		};
		7FA84C4F23C5D152008046D7 /* Products */ = {
			isa = PBXGroup;
			children = (
				7FA84C4E23C5D152008046D7 /* Bienestapp.app */,
			);
			name = Products;
			sourceTree = "<group>";
		};
		7FA84C5023C5D152008046D7 /* Bienestapp */ = {
			isa = PBXGroup;
			children = (
				B9C3766223D8E937000C5236 /* Login */,
				B9C3766123D8E921000C5236 /* Stats */,
				B9C3766623D8EC8D000C5236 /* Restriction */,
				7FA2BA9523DF0FD4007936BE /* Profile */,
				7FA2BA9423DF0FC7007936BE /* Map */,
				7FA84C5523C5D152008046D7 /* Main.storyboard */,
				7FA84C5A23C5D154008046D7 /* LaunchScreen.storyboard */,
				7FA84C5823C5D154008046D7 /* Assets.xcassets */,
				B9C3766323D8EC0F000C5236 /* Helpers */,
				B9C3766423D8EC3E000C5236 /* Info.plist */,
			);
			path = Bienestapp;
			sourceTree = "<group>";
		};
		7FCE58DC23E30542001F7998 /* DetailTimes */ = {
			isa = PBXGroup;
			children = (
				7FCE58DD23E30686001F7998 /* TimeDetailApp.swift */,
			);
			path = DetailTimes;
			sourceTree = "<group>";
		};
		B9C3766123D8E921000C5236 /* Stats */ = {
			isa = PBXGroup;
			children = (
				7FCE58DC23E30542001F7998 /* DetailTimes */,
				7FE31DD223C7464500EF5530 /* MainController.swift */,
				7F30EB4E23CDD1350044D9A6 /* AppCells.swift */,
			);
			path = Stats;
			sourceTree = "<group>";
		};
		B9C3766223D8E937000C5236 /* Login */ = {
			isa = PBXGroup;
			children = (
				7FA84C5323C5D152008046D7 /* LoginController.swift */,
			);
			path = Login;
			sourceTree = "<group>";
		};
		B9C3766323D8EC0F000C5236 /* Helpers */ = {
			isa = PBXGroup;
			children = (
				B97491AE23DDC03D009F6D3D /* HTTPMessenger.swift */,
				7FA84C5123C5D152008046D7 /* AppDelegate.swift */,
				B97491AA23DDBFB6009F6D3D /* serverRetriever.swift */,
				7F61866623CC781300F369E9 /* Settings.bundle */,
			);
			path = Helpers;
			sourceTree = "<group>";
		};
		B9C3766623D8EC8D000C5236 /* Restriction */ = {
			isa = PBXGroup;
			children = (
				B9C3765F23D8CD90000C5236 /* RestrictionsController.swift */,
				B9C3766723D8EF83000C5236 /* restrictCells.swift */,
			);
			path = Restriction;
			sourceTree = "<group>";
		};
		E2C853EEEB56B0A4F2B171E6 /* Frameworks */ = {
			isa = PBXGroup;
			children = (
				94BE0FB3536499F46AA629B3 /* Pods_Bienestapp.framework */,
			);
			name = Frameworks;
			sourceTree = "<group>";
		};
/* End PBXGroup section */

/* Begin PBXNativeTarget section */
		7FA84C4D23C5D152008046D7 /* Bienestapp */ = {
			isa = PBXNativeTarget;
			buildConfigurationList = 7FA84C6023C5D154008046D7 /* Build configuration list for PBXNativeTarget "Bienestapp" */;
			buildPhases = (
				6E8908AC3B9F879A8A24E63F /* [CP] Check Pods Manifest.lock */,
				7FA84C4A23C5D152008046D7 /* Sources */,
				7FA84C4B23C5D152008046D7 /* Frameworks */,
				7FA84C4C23C5D152008046D7 /* Resources */,
				EB54B4E80CFDCDDC505B2893 /* [CP] Embed Pods Frameworks */,
			);
			buildRules = (
			);
			dependencies = (
			);
			name = Bienestapp;
			productName = Bienestapp;
			productReference = 7FA84C4E23C5D152008046D7 /* Bienestapp.app */;
			productType = "com.apple.product-type.application";
		};
/* End PBXNativeTarget section */

/* Begin PBXProject section */
		7FA84C4623C5D152008046D7 /* Project object */ = {
			isa = PBXProject;
			attributes = {
				LastSwiftUpdateCheck = 1020;
				LastUpgradeCheck = 1020;
				ORGANIZATIONNAME = "Víctor";
				TargetAttributes = {
					7FA84C4D23C5D152008046D7 = {
						CreatedOnToolsVersion = 10.2.1;
						LastSwiftMigration = 1020;
						SystemCapabilities = {
							com.apple.Maps.iOS = {
								enabled = 0;
							};
						};
					};
				};
			};
			buildConfigurationList = 7FA84C4923C5D152008046D7 /* Build configuration list for PBXProject "Bienestapp" */;
			compatibilityVersion = "Xcode 10.0";
			developmentRegion = en;
			hasScannedForEncodings = 0;
			knownRegions = (
				en,
				Base,
			);
			mainGroup = 7FA84C4523C5D152008046D7;
			productRefGroup = 7FA84C4F23C5D152008046D7 /* Products */;
			projectDirPath = "";
			projectRoot = "";
			targets = (
				7FA84C4D23C5D152008046D7 /* Bienestapp */,
			);
		};
/* End PBXProject section */

/* Begin PBXResourcesBuildPhase section */
		7FA84C4C23C5D152008046D7 /* Resources */ = {
			isa = PBXResourcesBuildPhase;
			buildActionMask = 2147483647;
			files = (
				7F61866723CC781300F369E9 /* Settings.bundle in Resources */,
				7FA84C5C23C5D154008046D7 /* LaunchScreen.storyboard in Resources */,
				7FA84C5923C5D154008046D7 /* Assets.xcassets in Resources */,
				7FA84C5723C5D152008046D7 /* Main.storyboard in Resources */,
			);
			runOnlyForDeploymentPostprocessing = 0;
		};
/* End PBXResourcesBuildPhase section */

/* Begin PBXShellScriptBuildPhase section */
		6E8908AC3B9F879A8A24E63F /* [CP] Check Pods Manifest.lock */ = {
			isa = PBXShellScriptBuildPhase;
			buildActionMask = 2147483647;
			files = (
			);
			inputFileListPaths = (
			);
			inputPaths = (
				"${PODS_PODFILE_DIR_PATH}/Podfile.lock",
				"${PODS_ROOT}/Manifest.lock",
			);
			name = "[CP] Check Pods Manifest.lock";
			outputFileListPaths = (
			);
			outputPaths = (
				"$(DERIVED_FILE_DIR)/Pods-Bienestapp-checkManifestLockResult.txt",
			);
			runOnlyForDeploymentPostprocessing = 0;
			shellPath = /bin/sh;
			shellScript = "diff \"${PODS_PODFILE_DIR_PATH}/Podfile.lock\" \"${PODS_ROOT}/Manifest.lock\" > /dev/null\nif [ $? != 0 ] ; then\n    # print error to STDERR\n    echo \"error: The sandbox is not in sync with the Podfile.lock. Run 'pod install' or update your CocoaPods installation.\" >&2\n    exit 1\nfi\n# This output is used by Xcode 'outputs' to avoid re-running this script phase.\necho \"SUCCESS\" > \"${SCRIPT_OUTPUT_FILE_0}\"\n";
			showEnvVarsInLog = 0;
		};
		EB54B4E80CFDCDDC505B2893 /* [CP] Embed Pods Frameworks */ = {
			isa = PBXShellScriptBuildPhase;
			buildActionMask = 2147483647;
			files = (
			);
			inputFileListPaths = (
				"${PODS_ROOT}/Target Support Files/Pods-Bienestapp/Pods-Bienestapp-frameworks-${CONFIGURATION}-input-files.xcfilelist",
			);
			name = "[CP] Embed Pods Frameworks";
			outputFileListPaths = (
				"${PODS_ROOT}/Target Support Files/Pods-Bienestapp/Pods-Bienestapp-frameworks-${CONFIGURATION}-output-files.xcfilelist",
			);
			runOnlyForDeploymentPostprocessing = 0;
			shellPath = /bin/sh;
			shellScript = "\"${PODS_ROOT}/Target Support Files/Pods-Bienestapp/Pods-Bienestapp-frameworks.sh\"\n";
			showEnvVarsInLog = 0;
		};
/* End PBXShellScriptBuildPhase section */

/* Begin PBXSourcesBuildPhase section */
		7FA84C4A23C5D152008046D7 /* Sources */ = {
			isa = PBXSourcesBuildPhase;
			buildActionMask = 2147483647;
			files = (
				B9C3766023D8CD90000C5236 /* RestrictionsController.swift in Sources */,
				B9C3766823D8EF83000C5236 /* restrictCells.swift in Sources */,
				B97491AB23DDBFB7009F6D3D /* serverRetriever.swift in Sources */,
				7FA84C5423C5D152008046D7 /* LoginController.swift in Sources */,
				7FE31DD323C7464500EF5530 /* MainController.swift in Sources */,
				7FCE58DE23E30686001F7998 /* TimeDetailApp.swift in Sources */,
				7FBCFBEB23E026CA00104EFF /* ProfileController.swift in Sources */,
				7F1358B123E1911A001CB74A /* locations.swift in Sources */,
				7F30EB4F23CDD1350044D9A6 /* AppCells.swift in Sources */,
				7FA84C5223C5D152008046D7 /* AppDelegate.swift in Sources */,
				7FA2BA9723DF1150007936BE /* MapController.swift in Sources */,
				B97491AF23DDC03D009F6D3D /* HTTPMessenger.swift in Sources */,
			);
			runOnlyForDeploymentPostprocessing = 0;
		};
/* End PBXSourcesBuildPhase section */

/* Begin PBXVariantGroup section */
		7FA84C5523C5D152008046D7 /* Main.storyboard */ = {
			isa = PBXVariantGroup;
			children = (
				7FA84C5623C5D152008046D7 /* Base */,
			);
			name = Main.storyboard;
			sourceTree = "<group>";
		};
		7FA84C5A23C5D154008046D7 /* LaunchScreen.storyboard */ = {
			isa = PBXVariantGroup;
			children = (
				7FA84C5B23C5D154008046D7 /* Base */,
			);
			name = LaunchScreen.storyboard;
			sourceTree = "<group>";
		};
/* End PBXVariantGroup section */

/* Begin XCBuildConfiguration section */
		7FA84C5E23C5D154008046D7 /* Debug */ = {
			isa = XCBuildConfiguration;
			buildSettings = {
				ALWAYS_SEARCH_USER_PATHS = NO;
				CLANG_ANALYZER_NONNULL = YES;
				CLANG_ANALYZER_NUMBER_OBJECT_CONVERSION = YES_AGGRESSIVE;
				CLANG_CXX_LANGUAGE_STANDARD = "gnu++14";
				CLANG_CXX_LIBRARY = "libc++";
				CLANG_ENABLE_MODULES = YES;
				CLANG_ENABLE_OBJC_ARC = YES;
				CLANG_ENABLE_OBJC_WEAK = YES;
				CLANG_WARN_BLOCK_CAPTURE_AUTORELEASING = YES;
				CLANG_WARN_BOOL_CONVERSION = YES;
				CLANG_WARN_COMMA = YES;
				CLANG_WARN_CONSTANT_CONVERSION = YES;
				CLANG_WARN_DEPRECATED_OBJC_IMPLEMENTATIONS = YES;
				CLANG_WARN_DIRECT_OBJC_ISA_USAGE = YES_ERROR;
				CLANG_WARN_DOCUMENTATION_COMMENTS = YES;
				CLANG_WARN_EMPTY_BODY = YES;
				CLANG_WARN_ENUM_CONVERSION = YES;
				CLANG_WARN_INFINITE_RECURSION = YES;
				CLANG_WARN_INT_CONVERSION = YES;
				CLANG_WARN_NON_LITERAL_NULL_CONVERSION = YES;
				CLANG_WARN_OBJC_IMPLICIT_RETAIN_SELF = YES;
				CLANG_WARN_OBJC_LITERAL_CONVERSION = YES;
				CLANG_WARN_OBJC_ROOT_CLASS = YES_ERROR;
				CLANG_WARN_RANGE_LOOP_ANALYSIS = YES;
				CLANG_WARN_STRICT_PROTOTYPES = YES;
				CLANG_WARN_SUSPICIOUS_MOVE = YES;
				CLANG_WARN_UNGUARDED_AVAILABILITY = YES_AGGRESSIVE;
				CLANG_WARN_UNREACHABLE_CODE = YES;
				CLANG_WARN__DUPLICATE_METHOD_MATCH = YES;
				CODE_SIGN_IDENTITY = "iPhone Developer";
				COPY_PHASE_STRIP = NO;
				DEBUG_INFORMATION_FORMAT = dwarf;
				ENABLE_STRICT_OBJC_MSGSEND = YES;
				ENABLE_TESTABILITY = YES;
				GCC_C_LANGUAGE_STANDARD = "compiler-default";
				GCC_DYNAMIC_NO_PIC = NO;
				GCC_NO_COMMON_BLOCKS = YES;
				GCC_OPTIMIZATION_LEVEL = 0;
				GCC_PREPROCESSOR_DEFINITIONS = (
					"DEBUG=1",
					"$(inherited)",
				);
				GCC_WARN_64_TO_32_BIT_CONVERSION = YES;
				GCC_WARN_ABOUT_RETURN_TYPE = YES_ERROR;
				GCC_WARN_UNDECLARED_SELECTOR = YES;
				GCC_WARN_UNINITIALIZED_AUTOS = YES_AGGRESSIVE;
				GCC_WARN_UNUSED_FUNCTION = YES;
				GCC_WARN_UNUSED_VARIABLE = YES;
				IPHONEOS_DEPLOYMENT_TARGET = 10.0;
				MTL_ENABLE_DEBUG_INFO = INCLUDE_SOURCE;
				MTL_FAST_MATH = YES;
				ONLY_ACTIVE_ARCH = YES;
				OTHER_SWIFT_FLAGS = "";
				SDKROOT = iphoneos;
				SWIFT_ACTIVE_COMPILATION_CONDITIONS = DEBUG;
				SWIFT_OPTIMIZATION_LEVEL = "-Onone";
				SWIFT_VERSION = 4.2;
			};
			name = Debug;
		};
		7FA84C5F23C5D154008046D7 /* Release */ = {
			isa = XCBuildConfiguration;
			buildSettings = {
				ALWAYS_SEARCH_USER_PATHS = NO;
				CLANG_ANALYZER_NONNULL = YES;
				CLANG_ANALYZER_NUMBER_OBJECT_CONVERSION = YES_AGGRESSIVE;
				CLANG_CXX_LANGUAGE_STANDARD = "gnu++14";
				CLANG_CXX_LIBRARY = "libc++";
				CLANG_ENABLE_MODULES = YES;
				CLANG_ENABLE_OBJC_ARC = YES;
				CLANG_ENABLE_OBJC_WEAK = YES;
				CLANG_WARN_BLOCK_CAPTURE_AUTORELEASING = YES;
				CLANG_WARN_BOOL_CONVERSION = YES;
				CLANG_WARN_COMMA = YES;
				CLANG_WARN_CONSTANT_CONVERSION = YES;
				CLANG_WARN_DEPRECATED_OBJC_IMPLEMENTATIONS = YES;
				CLANG_WARN_DIRECT_OBJC_ISA_USAGE = YES_ERROR;
				CLANG_WARN_DOCUMENTATION_COMMENTS = YES;
				CLANG_WARN_EMPTY_BODY = YES;
				CLANG_WARN_ENUM_CONVERSION = YES;
				CLANG_WARN_INFINITE_RECURSION = YES;
				CLANG_WARN_INT_CONVERSION = YES;
				CLANG_WARN_NON_LITERAL_NULL_CONVERSION = YES;
				CLANG_WARN_OBJC_IMPLICIT_RETAIN_SELF = YES;
				CLANG_WARN_OBJC_LITERAL_CONVERSION = YES;
				CLANG_WARN_OBJC_ROOT_CLASS = YES_ERROR;
				CLANG_WARN_RANGE_LOOP_ANALYSIS = YES;
				CLANG_WARN_STRICT_PROTOTYPES = YES;
				CLANG_WARN_SUSPICIOUS_MOVE = YES;
				CLANG_WARN_UNGUARDED_AVAILABILITY = YES_AGGRESSIVE;
				CLANG_WARN_UNREACHABLE_CODE = YES;
				CLANG_WARN__DUPLICATE_METHOD_MATCH = YES;
				CODE_SIGN_IDENTITY = "iPhone Developer";
				COPY_PHASE_STRIP = NO;
				DEBUG_INFORMATION_FORMAT = "dwarf-with-dsym";
				ENABLE_NS_ASSERTIONS = NO;
				ENABLE_STRICT_OBJC_MSGSEND = YES;
				GCC_C_LANGUAGE_STANDARD = "compiler-default";
				GCC_NO_COMMON_BLOCKS = YES;
				GCC_WARN_64_TO_32_BIT_CONVERSION = YES;
				GCC_WARN_ABOUT_RETURN_TYPE = YES_ERROR;
				GCC_WARN_UNDECLARED_SELECTOR = YES;
				GCC_WARN_UNINITIALIZED_AUTOS = YES_AGGRESSIVE;
				GCC_WARN_UNUSED_FUNCTION = YES;
				GCC_WARN_UNUSED_VARIABLE = YES;
				IPHONEOS_DEPLOYMENT_TARGET = 10.0;
				MTL_ENABLE_DEBUG_INFO = NO;
				MTL_FAST_MATH = YES;
				OTHER_SWIFT_FLAGS = "";
				SDKROOT = iphoneos;
				SWIFT_COMPILATION_MODE = wholemodule;
				SWIFT_OPTIMIZATION_LEVEL = "-O";
				SWIFT_VERSION = 4.2;
				VALIDATE_PRODUCT = YES;
			};
			name = Release;
		};
		7FA84C6123C5D154008046D7 /* Debug */ = {
			isa = XCBuildConfiguration;
			baseConfigurationReference = 22F961D7E203CBB2E215246F /* Pods-Bienestapp.debug.xcconfig */;
			buildSettings = {
				ASSETCATALOG_COMPILER_APPICON_NAME = AppIcon;
				CODE_SIGN_STYLE = Automatic;
				DEVELOPMENT_TEAM = T54H4RF8RN;
				INFOPLIST_FILE = Bienestapp/Info.plist;
				IPHONEOS_DEPLOYMENT_TARGET = 10.0;
				LD_RUNPATH_SEARCH_PATHS = (
					"$(inherited)",
					"@executable_path/Frameworks",
				);
				PRODUCT_BUNDLE_IDENTIFIER = Eztena.Bienestapp;
				PRODUCT_NAME = "$(TARGET_NAME)";
				SWIFT_VERSION = 4.2;
				TARGETED_DEVICE_FAMILY = "1,2";
			};
			name = Debug;
		};
		7FA84C6223C5D154008046D7 /* Release */ = {
			isa = XCBuildConfiguration;
			baseConfigurationReference = 34F8253464547E97A696A343 /* Pods-Bienestapp.release.xcconfig */;
			buildSettings = {
				ASSETCATALOG_COMPILER_APPICON_NAME = AppIcon;
				CODE_SIGN_STYLE = Automatic;
				DEVELOPMENT_TEAM = T54H4RF8RN;
				INFOPLIST_FILE = Bienestapp/Info.plist;
				IPHONEOS_DEPLOYMENT_TARGET = 10.0;
				LD_RUNPATH_SEARCH_PATHS = (
					"$(inherited)",
					"@executable_path/Frameworks",
				);
				PRODUCT_BUNDLE_IDENTIFIER = Eztena.Bienestapp;
				PRODUCT_NAME = "$(TARGET_NAME)";
				SWIFT_VERSION = 4.2;
				TARGETED_DEVICE_FAMILY = "1,2";
			};
			name = Release;
		};
/* End XCBuildConfiguration section */

/* Begin XCConfigurationList section */
		7FA84C4923C5D152008046D7 /* Build configuration list for PBXProject "Bienestapp" */ = {
			isa = XCConfigurationList;
			buildConfigurations = (
				7FA84C5E23C5D154008046D7 /* Debug */,
				7FA84C5F23C5D154008046D7 /* Release */,
			);
			defaultConfigurationIsVisible = 0;
			defaultConfigurationName = Release;
		};
		7FA84C6023C5D154008046D7 /* Build configuration list for PBXNativeTarget "Bienestapp" */ = {
			isa = XCConfigurationList;
			buildConfigurations = (
				7FA84C6123C5D154008046D7 /* Debug */,
				7FA84C6223C5D154008046D7 /* Release */,
			);
			defaultConfigurationIsVisible = 0;
			defaultConfigurationName = Release;
		};
/* End XCConfigurationList section */
	};
	rootObject = 7FA84C4623C5D152008046D7 /* Project object */;
}
